
Microsoft Visual Studio Solution File, Format Version 12.00
# Visual Studio 2012
Project("{FAE04EC0-301F-11D3-BF4B-00C04F79EFBC}") = "Integers", "VideoSharp\Integers.csproj", "{BA580578-3CAA-41E2-8572-624CFFE57BFC}"
EndProject
Project("{FAE04EC0-301F-11D3-BF4B-00C04F79EFBC}") = "WarmUp", "WarmUp\WarmUp.csproj", "{E3F4282B-4611-422B-AA4F-1D567C03122F}"
EndProject
Project("{FAE04EC0-301F-11D3-BF4B-00C04F79EFBC}") = "Strings", "Strings\Strings.csproj", "{FFA884B4-8E21-4698-8803-349E64FF4AE4}"
EndProject
Project("{FAE04EC0-301F-11D3-BF4B-00C04F79EFBC}") = "Lyrics", "Lyrics\Lyrics.csproj", "{2CEB6F26-84B1-4218-8EC7-5F88502CE0C0}"
EndProject
Project("{FAE04EC0-301F-11D3-BF4B-00C04F79EFBC}") = "Olymp", "Olymp\Olymp.csproj", "{56C334F7-7B4B-4F8C-B19E-4E4DFF6CB6E5}"
EndProject
Project("{FAE04EC0-301F-11D3-BF4B-00C04F79EFBC}") = "LinearRecord", "LinearRecord\LinearRecord.csproj", "{F7416F77-7983-45BB-9FCB-C7C5F5EBCBDC}"
EndProject
Project("{FAE04EC0-301F-11D3-BF4B-00C04F79EFBC}") = "Recursions", "Recursions\Recursions.csproj", "{7C172BFA-51A6-4DCB-9D8B-D87E61DDD278}"
EndProject
Project("{FAE04EC0-301F-11D3-BF4B-00C04F79EFBC}") = "Symbols", "Symbols\Symbols.csproj", "{2B1BBC4E-02B4-4919-A82F-E9B7C167D95C}"
EndProject
Project("{FAE04EC0-301F-11D3-BF4B-00C04F79EFBC}") = "Math", "Math\Math.csproj", "{6DEF1137-0C4D-4269-BEA6-8872598DAEA5}"
EndProject
Project("{FAE04EC0-301F-11D3-BF4B-00C04F79EFBC}") = "FullTasks", "FullTasks\FullTasks.csproj", "{905C891D-0339-496C-B3DD-DAC9C1050CFB}"
EndProject
Project("{FAE04EC0-301F-11D3-BF4B-00C04F79EFBC}") = "ConditionalOperator", "ConditionalOperator\ConditionalOperator.csproj", "{3932E47E-971D-4DAF-A64D-6799CB4A76C9}"
EndProject
Project("{FAE04EC0-301F-11D3-BF4B-00C04F79EFBC}") = "ForToLoop", "ForToLoop\ForToLoop.csproj", "{6432FC1B-80F0-4E88-AB08-E9340808A827}"
EndProject
Project("{FAE04EC0-301F-11D3-BF4B-00C04F79EFBC}") = "WhileLoop", "WhileLoop\WhileLoop.csproj", "{20FCCC3A-0A4B-40B1-B451-A42D3C93B473}"
EndProject
Global
	GlobalSection(SolutionConfigurationPlatforms) = preSolution
		Debug|Any CPU = Debug|Any CPU
		Release|Any CPU = Release|Any CPU
	EndGlobalSection
	GlobalSection(ProjectConfigurationPlatforms) = postSolution
		{BA580578-3CAA-41E2-8572-624CFFE57BFC}.Debug|Any CPU.ActiveCfg = Debug|Any CPU
		{BA580578-3CAA-41E2-8572-624CFFE57BFC}.Debug|Any CPU.Build.0 = Debug|Any CPU
		{BA580578-3CAA-41E2-8572-624CFFE57BFC}.Release|Any CPU.ActiveCfg = Release|Any CPU
		{BA580578-3CAA-41E2-8572-624CFFE57BFC}.Release|Any CPU.Build.0 = Release|Any CPU
		{E3F4282B-4611-422B-AA4F-1D567C03122F}.Debug|Any CPU.ActiveCfg = Debug|Any CPU
		{E3F4282B-4611-422B-AA4F-1D567C03122F}.Debug|Any CPU.Build.0 = Debug|Any CPU
		{E3F4282B-4611-422B-AA4F-1D567C03122F}.Release|Any CPU.ActiveCfg = Release|Any CPU
		{E3F4282B-4611-422B-AA4F-1D567C03122F}.Release|Any CPU.Build.0 = Release|Any CPU
		{FFA884B4-8E21-4698-8803-349E64FF4AE4}.Debug|Any CPU.ActiveCfg = Debug|Any CPU
		{FFA884B4-8E21-4698-8803-349E64FF4AE4}.Debug|Any CPU.Build.0 = Debug|Any CPU
		{FFA884B4-8E21-4698-8803-349E64FF4AE4}.Release|Any CPU.ActiveCfg = Release|Any CPU
		{FFA884B4-8E21-4698-8803-349E64FF4AE4}.Release|Any CPU.Build.0 = Release|Any CPU
		{2CEB6F26-84B1-4218-8EC7-5F88502CE0C0}.Debug|Any CPU.ActiveCfg = Debug|Any CPU
		{2CEB6F26-84B1-4218-8EC7-5F88502CE0C0}.Debug|Any CPU.Build.0 = Debug|Any CPU
		{2CEB6F26-84B1-4218-8EC7-5F88502CE0C0}.Release|Any CPU.ActiveCfg = Release|Any CPU
		{2CEB6F26-84B1-4218-8EC7-5F88502CE0C0}.Release|Any CPU.Build.0 = Release|Any CPU
		{56C334F7-7B4B-4F8C-B19E-4E4DFF6CB6E5}.Debug|Any CPU.ActiveCfg = Debug|Any CPU
		{56C334F7-7B4B-4F8C-B19E-4E4DFF6CB6E5}.Debug|Any CPU.Build.0 = Debug|Any CPU
		{56C334F7-7B4B-4F8C-B19E-4E4DFF6CB6E5}.Release|Any CPU.ActiveCfg = Release|Any CPU
		{56C334F7-7B4B-4F8C-B19E-4E4DFF6CB6E5}.Release|Any CPU.Build.0 = Release|Any CPU
		{F7416F77-7983-45BB-9FCB-C7C5F5EBCBDC}.Debug|Any CPU.ActiveCfg = Debug|Any CPU
		{F7416F77-7983-45BB-9FCB-C7C5F5EBCBDC}.Debug|Any CPU.Build.0 = Debug|Any CPU
		{F7416F77-7983-45BB-9FCB-C7C5F5EBCBDC}.Release|Any CPU.ActiveCfg = Release|Any CPU
		{F7416F77-7983-45BB-9FCB-C7C5F5EBCBDC}.Release|Any CPU.Build.0 = Release|Any CPU
		{7C172BFA-51A6-4DCB-9D8B-D87E61DDD278}.Debug|Any CPU.ActiveCfg = Debug|Any CPU
		{7C172BFA-51A6-4DCB-9D8B-D87E61DDD278}.Debug|Any CPU.Build.0 = Debug|Any CPU
		{7C172BFA-51A6-4DCB-9D8B-D87E61DDD278}.Release|Any CPU.ActiveCfg = Release|Any CPU
		{7C172BFA-51A6-4DCB-9D8B-D87E61DDD278}.Release|Any CPU.Build.0 = Release|Any CPU
		{2B1BBC4E-02B4-4919-A82F-E9B7C167D95C}.Debug|Any CPU.ActiveCfg = Debug|Any CPU
		{2B1BBC4E-02B4-4919-A82F-E9B7C167D95C}.Debug|Any CPU.Build.0 = Debug|Any CPU
		{2B1BBC4E-02B4-4919-A82F-E9B7C167D95C}.Release|Any CPU.ActiveCfg = Release|Any CPU
		{2B1BBC4E-02B4-4919-A82F-E9B7C167D95C}.Release|Any CPU.Build.0 = Release|Any CPU
		{6DEF1137-0C4D-4269-BEA6-8872598DAEA5}.Debug|Any CPU.ActiveCfg = Debug|Any CPU
		{6DEF1137-0C4D-4269-BEA6-8872598DAEA5}.Debug|Any CPU.Build.0 = Debug|Any CPU
		{6DEF1137-0C4D-4269-BEA6-8872598DAEA5}.Release|Any CPU.ActiveCfg = Release|Any CPU
		{6DEF1137-0C4D-4269-BEA6-8872598DAEA5}.Release|Any CPU.Build.0 = Release|Any CPU
		{905C891D-0339-496C-B3DD-DAC9C1050CFB}.Debug|Any CPU.ActiveCfg = Debug|Any CPU
		{905C891D-0339-496C-B3DD-DAC9C1050CFB}.Debug|Any CPU.Build.0 = Debug|Any CPU
		{905C891D-0339-496C-B3DD-DAC9C1050CFB}.Release|Any CPU.ActiveCfg = Release|Any CPU
		{905C891D-0339-496C-B3DD-DAC9C1050CFB}.Release|Any CPU.Build.0 = Release|Any CPU
		{3932E47E-971D-4DAF-A64D-6799CB4A76C9}.Debug|Any CPU.ActiveCfg = Debug|Any CPU
		{3932E47E-971D-4DAF-A64D-6799CB4A76C9}.Debug|Any CPU.Build.0 = Debug|Any CPU
		{3932E47E-971D-4DAF-A64D-6799CB4A76C9}.Release|Any CPU.ActiveCfg = Release|Any CPU
		{3932E47E-971D-4DAF-A64D-6799CB4A76C9}.Release|Any CPU.Build.0 = Release|Any CPU
		{6432FC1B-80F0-4E88-AB08-E9340808A827}.Debug|Any CPU.ActiveCfg = Debug|Any CPU
		{6432FC1B-80F0-4E88-AB08-E9340808A827}.Debug|Any CPU.Build.0 = Debug|Any CPU
		{6432FC1B-80F0-4E88-AB08-E9340808A827}.Release|Any CPU.ActiveCfg = Release|Any CPU
		{6432FC1B-80F0-4E88-AB08-E9340808A827}.Release|Any CPU.Build.0 = Release|Any CPU
		{20FCCC3A-0A4B-40B1-B451-A42D3C93B473}.Debug|Any CPU.ActiveCfg = Debug|Any CPU
		{20FCCC3A-0A4B-40B1-B451-A42D3C93B473}.Debug|Any CPU.Build.0 = Debug|Any CPU
		{20FCCC3A-0A4B-40B1-B451-A42D3C93B473}.Release|Any CPU.ActiveCfg = Release|Any CPU
		{20FCCC3A-0A4B-40B1-B451-A42D3C93B473}.Release|Any CPU.Build.0 = Release|Any CPU
	EndGlobalSection
	GlobalSection(SolutionProperties) = preSolution
		HideSolutionNode = FALSE
	EndGlobalSection
EndGlobal
